
Microsoft Visual Studio Solution File, Format Version 12.00
# Visual Studio Version 17
VisualStudioVersion = 17.7.34024.191
MinimumVisualStudioVersion = 10.0.40219.1
Project("{FAE04EC0-301F-11D3-BF4B-00C04F79EFBC}") = "Simulation_2", "Simulation_2\Simulation_2.csproj", "{6B66A37D-3D71-4390-979C-B55CEB68AA65}"
EndProject
Global
	GlobalSection(SolutionConfigurationPlatforms) = preSolution
		Debug|Any CPU = Debug|Any CPU
		Release|Any CPU = Release|Any CPU
	EndGlobalSection
	GlobalSection(ProjectConfigurationPlatforms) = postSolution
		{6B66A37D-3D71-4390-979C-B55CEB68AA65}.Debug|Any CPU.ActiveCfg = Debug|Any CPU
		{6B66A37D-3D71-4390-979C-B55CEB68AA65}.Debug|Any CPU.Build.0 = Debug|Any CPU
		{6B66A37D-3D71-4390-979C-B55CEB68AA65}.Release|Any CPU.ActiveCfg = Release|Any CPU
		{6B66A37D-3D71-4390-979C-B55CEB68AA65}.Release|Any CPU.Build.0 = Release|Any CPU
	EndGlobalSection
	GlobalSection(SolutionProperties) = preSolution
		HideSolutionNode = FALSE
	EndGlobalSection
	GlobalSection(ExtensibilityGlobals) = postSolution
		SolutionGuid = {7FE1015A-5352-4603-831E-BBA22880EFC0}
	EndGlobalSection
EndGlobal
